
Microsoft Visual Studio Solution File, Format Version 12.00
# Visual Studio Version 16
VisualStudioVersion = 16.0.32228.343
MinimumVisualStudioVersion = 10.0.40219.1
Project("{FAE04EC0-301F-11D3-BF4B-00C04F79EFBC}") = "PDFManager", "PDFManager.csproj", "{B91C1197-60F0-4D55-A361-884F3B8601DE}"
EndProject
Global
	GlobalSection(SolutionConfigurationPlatforms) = preSolution
		Debug|Any CPU = Debug|Any CPU
		Release|Any CPU = Release|Any CPU
	EndGlobalSection
	GlobalSection(ProjectConfigurationPlatforms) = postSolution
		{B91C1197-60F0-4D55-A361-884F3B8601DE}.Debug|Any CPU.ActiveCfg = Debug|Any CPU
		{B91C1197-60F0-4D55-A361-884F3B8601DE}.Debug|Any CPU.Build.0 = Debug|Any CPU
		{B91C1197-60F0-4D55-A361-884F3B8601DE}.Release|Any CPU.ActiveCfg = Release|Any CPU
		{B91C1197-60F0-4D55-A361-884F3B8601DE}.Release|Any CPU.Build.0 = Release|Any CPU
	EndGlobalSection
	GlobalSection(SolutionProperties) = preSolution
		HideSolutionNode = FALSE
	EndGlobalSection
	GlobalSection(ExtensibilityGlobals) = postSolution
		SolutionGuid = {752B6589-31FB-4EBF-9BF3-309F5F096D71}
	EndGlobalSection
EndGlobal
